// !$*UTF8*$!
{
	archiveVersion = 1;
	classes = {
	};
	objectVersion = 50;
	objects = {

/* Begin PBXBuildFile section */
		3342BA9826D3F71D006C5651 /* AppDelegate.swift in Sources */ = {isa = PBXBuildFile; fileRef = 3342BA9726D3F71D006C5651 /* AppDelegate.swift */; };
		3342BA9A26D3F71D006C5651 /* SceneDelegate.swift in Sources */ = {isa = PBXBuildFile; fileRef = 3342BA9926D3F71D006C5651 /* SceneDelegate.swift */; };
		3342BA9C26D3F71D006C5651 /* ViewController.swift in Sources */ = {isa = PBXBuildFile; fileRef = 3342BA9B26D3F71D006C5651 /* ViewController.swift */; };
		3342BA9F26D3F71D006C5651 /* Main.storyboard in Resources */ = {isa = PBXBuildFile; fileRef = 3342BA9D26D3F71D006C5651 /* Main.storyboard */; };
		3342BAA126D3F71F006C5651 /* Assets.xcassets in Resources */ = {isa = PBXBuildFile; fileRef = 3342BAA026D3F71F006C5651 /* Assets.xcassets */; };
		3342BAA426D3F71F006C5651 /* LaunchScreen.storyboard in Resources */ = {isa = PBXBuildFile; fileRef = 3342BAA226D3F71F006C5651 /* LaunchScreen.storyboard */; };
		3342BAAF26D3F71F006C5651 /* newProjectTests.swift in Sources */ = {isa = PBXBuildFile; fileRef = 3342BAAE26D3F71F006C5651 /* newProjectTests.swift */; };
		3342BABA26D3F71F006C5651 /* newProjectUITests.swift in Sources */ = {isa = PBXBuildFile; fileRef = 3342BAB926D3F71F006C5651 /* newProjectUITests.swift */; };
/* End PBXBuildFile section */

/* Begin PBXContainerItemProxy section */
		3342BAAB26D3F71F006C5651 /* PBXContainerItemProxy */ = {
			isa = PBXContainerItemProxy;
			containerPortal = 3342BA8C26D3F71D006C5651 /* Project object */;
			proxyType = 1;
			remoteGlobalIDString = 3342BA9326D3F71D006C5651;
			remoteInfo = newProject;
		};
		3342BAB626D3F71F006C5651 /* PBXContainerItemProxy */ = {
			isa = PBXContainerItemProxy;
			containerPortal = 3342BA8C26D3F71D006C5651 /* Project object */;
			proxyType = 1;
			remoteGlobalIDString = 3342BA9326D3F71D006C5651;
			remoteInfo = newProject;
		};
/* End PBXContainerItemProxy section */

/* Begin PBXFileReference section */
		3342BA9426D3F71D006C5651 /* newProject.app */ = {isa = PBXFileReference; explicitFileType = wrapper.application; includeInIndex = 0; path = newProject.app; sourceTree = BUILT_PRODUCTS_DIR; };
		3342BA9726D3F71D006C5651 /* AppDelegate.swift */ = {isa = PBXFileReference; lastKnownFileType = sourcecode.swift; path = AppDelegate.swift; sourceTree = "<group>"; };
		3342BA9926D3F71D006C5651 /* SceneDelegate.swift */ = {isa = PBXFileReference; lastKnownFileType = sourcecode.swift; path = SceneDelegate.swift; sourceTree = "<group>"; };
		3342BA9B26D3F71D006C5651 /* ViewController.swift */ = {isa = PBXFileReference; lastKnownFileType = sourcecode.swift; path = ViewController.swift; sourceTree = "<group>"; };
		3342BA9E26D3F71D006C5651 /* Base */ = {isa = PBXFileReference; lastKnownFileType = file.storyboard; name = Base; path = Base.lproj/Main.storyboard; sourceTree = "<group>"; };
		3342BAA026D3F71F006C5651 /* Assets.xcassets */ = {isa = PBXFileReference; lastKnownFileType = folder.assetcatalog; path = Assets.xcassets; sourceTree = "<group>"; };
		3342BAA326D3F71F006C5651 /* Base */ = {isa = PBXFileReference; lastKnownFileType = file.storyboard; name = Base; path = Base.lproj/LaunchScreen.storyboard; sourceTree = "<group>"; };
		3342BAA526D3F71F006C5651 /* Info.plist */ = {isa = PBXFileReference; lastKnownFileType = text.plist.xml; path = Info.plist; sourceTree = "<group>"; };
		3342BAAA26D3F71F006C5651 /* newProjectTests.xctest */ = {isa = PBXFileReference; explicitFileType = wrapper.cfbundle; includeInIndex = 0; path = newProjectTests.xctest; sourceTree = BUILT_PRODUCTS_DIR; };
		3342BAAE26D3F71F006C5651 /* newProjectTests.swift */ = {isa = PBXFileReference; lastKnownFileType = sourcecode.swift; path = newProjectTests.swift; sourceTree = "<group>"; };
		3342BAB026D3F71F006C5651 /* Info.plist */ = {isa = PBXFileReference; lastKnownFileType = text.plist.xml; path = Info.plist; sourceTree = "<group>"; };
		3342BAB526D3F71F006C5651 /* newProjectUITests.xctest */ = {isa = PBXFileReference; explicitFileType = wrapper.cfbundle; includeInIndex = 0; path = newProjectUITests.xctest; sourceTree = BUILT_PRODUCTS_DIR; };
		3342BAB926D3F71F006C5651 /* newProjectUITests.swift */ = {isa = PBXFileReference; lastKnownFileType = sourcecode.swift; path = newProjectUITests.swift; sourceTree = "<group>"; };
		3342BABB26D3F71F006C5651 /* Info.plist */ = {isa = PBXFileReference; lastKnownFileType = text.plist.xml; path = Info.plist; sourceTree = "<group>"; };
/* End PBXFileReference section */

/* Begin PBXFrameworksBuildPhase section */
		3342BA9126D3F71D006C5651 /* Frameworks */ = {
			isa = PBXFrameworksBuildPhase;
			buildActionMask = 2147483647;
			files = (
			);
			runOnlyForDeploymentPostprocessing = 0;
		};
		3342BAA726D3F71F006C5651 /* Frameworks */ = {
			isa = PBXFrameworksBuildPhase;
			buildActionMask = 2147483647;
			files = (
			);
			runOnlyForDeploymentPostprocessing = 0;
		};
		3342BAB226D3F71F006C5651 /* Frameworks */ = {
			isa = PBXFrameworksBuildPhase;
			buildActionMask = 2147483647;
			files = (
			);
			runOnlyForDeploymentPostprocessing = 0;
		};
/* End PBXFrameworksBuildPhase section */

/* Begin PBXGroup section */
		3342BA8B26D3F71D006C5651 = {
			isa = PBXGroup;
			children = (
				3342BA9626D3F71D006C5651 /* newProject */,
				3342BAAD26D3F71F006C5651 /* newProjectTests */,
				3342BAB826D3F71F006C5651 /* newProjectUITests */,
				3342BA9526D3F71D006C5651 /* Products */,
			);
			sourceTree = "<group>";
		};
		3342BA9526D3F71D006C5651 /* Products */ = {
			isa = PBXGroup;
			children = (
				3342BA9426D3F71D006C5651 /* newProject.app */,
				3342BAAA26D3F71F006C5651 /* newProjectTests.xctest */,
				3342BAB526D3F71F006C5651 /* newProjectUITests.xctest */,
			);
			name = Products;
			sourceTree = "<group>";
		};
		3342BA9626D3F71D006C5651 /* newProject */ = {
			isa = PBXGroup;
			children = (
				3342BA9726D3F71D006C5651 /* AppDelegate.swift */,
				3342BA9926D3F71D006C5651 /* SceneDelegate.swift */,
				3342BA9B26D3F71D006C5651 /* ViewController.swift */,
				3342BA9D26D3F71D006C5651 /* Main.storyboard */,
				3342BAA026D3F71F006C5651 /* Assets.xcassets */,
				3342BAA226D3F71F006C5651 /* LaunchScreen.storyboard */,
				3342BAA526D3F71F006C5651 /* Info.plist */,
			);
			path = newProject;
			sourceTree = "<group>";
		};
		3342BAAD26D3F71F006C5651 /* newProjectTests */ = {
			isa = PBXGroup;
			children = (
				3342BAAE26D3F71F006C5651 /* newProjectTests.swift */,
				3342BAB026D3F71F006C5651 /* Info.plist */,
			);
			path = newProjectTests;
			sourceTree = "<group>";
		};
		3342BAB826D3F71F006C5651 /* newProjectUITests */ = {
			isa = PBXGroup;
			children = (
				3342BAB926D3F71F006C5651 /* newProjectUITests.swift */,
				3342BABB26D3F71F006C5651 /* Info.plist */,
			);
			path = newProjectUITests;
			sourceTree = "<group>";
		};
/* End PBXGroup section */

/* Begin PBXNativeTarget section */
		3342BA9326D3F71D006C5651 /* newProject */ = {
			isa = PBXNativeTarget;
			buildConfigurationList = 3342BABE26D3F71F006C5651 /* Build configuration list for PBXNativeTarget "newProject" */;
			buildPhases = (
				3342BA9026D3F71D006C5651 /* Sources */,
				3342BA9126D3F71D006C5651 /* Frameworks */,
				3342BA9226D3F71D006C5651 /* Resources */,
			);
			buildRules = (
			);
			dependencies = (
			);
			name = newProject;
			productName = newProject;
			productReference = 3342BA9426D3F71D006C5651 /* newProject.app */;
			productType = "com.apple.product-type.application";
		};
		3342BAA926D3F71F006C5651 /* newProjectTests */ = {
			isa = PBXNativeTarget;
			buildConfigurationList = 3342BAC126D3F71F006C5651 /* Build configuration list for PBXNativeTarget "newProjectTests" */;
			buildPhases = (
				3342BAA626D3F71F006C5651 /* Sources */,
				3342BAA726D3F71F006C5651 /* Frameworks */,
				3342BAA826D3F71F006C5651 /* Resources */,
			);
			buildRules = (
			);
			dependencies = (
				3342BAAC26D3F71F006C5651 /* PBXTargetDependency */,
			);
			name = newProjectTests;
			productName = newProjectTests;
			productReference = 3342BAAA26D3F71F006C5651 /* newProjectTests.xctest */;
			productType = "com.apple.product-type.bundle.unit-test";
		};
		3342BAB426D3F71F006C5651 /* newProjectUITests */ = {
			isa = PBXNativeTarget;
			buildConfigurationList = 3342BAC426D3F71F006C5651 /* Build configuration list for PBXNativeTarget "newProjectUITests" */;
			buildPhases = (
				3342BAB126D3F71F006C5651 /* Sources */,
				3342BAB226D3F71F006C5651 /* Frameworks */,
				3342BAB326D3F71F006C5651 /* Resources */,
			);
			buildRules = (
			);
			dependencies = (
				3342BAB726D3F71F006C5651 /* PBXTargetDependency */,
			);
			name = newProjectUITests;
			productName = newProjectUITests;
			productReference = 3342BAB526D3F71F006C5651 /* newProjectUITests.xctest */;
			productType = "com.apple.product-type.bundle.ui-testing";
		};
/* End PBXNativeTarget section */

/* Begin PBXProject section */
		3342BA8C26D3F71D006C5651 /* Project object */ = {
			isa = PBXProject;
			attributes = {
				LastSwiftUpdateCheck = 1250;
				LastUpgradeCheck = 1250;
				TargetAttributes = {
					3342BA9326D3F71D006C5651 = {
						CreatedOnToolsVersion = 12.5.1;
					};
					3342BAA926D3F71F006C5651 = {
						CreatedOnToolsVersion = 12.5.1;
						TestTargetID = 3342BA9326D3F71D006C5651;
					};
					3342BAB426D3F71F006C5651 = {
						CreatedOnToolsVersion = 12.5.1;
						TestTargetID = 3342BA9326D3F71D006C5651;
					};
				};
			};
			buildConfigurationList = 3342BA8F26D3F71D006C5651 /* Build configuration list for PBXProject "newProject" */;
			compatibilityVersion = "Xcode 9.3";
			developmentRegion = en;
			hasScannedForEncodings = 0;
			knownRegions = (
				en,
				Base,
			);
			mainGroup = 3342BA8B26D3F71D006C5651;
			productRefGroup = 3342BA9526D3F71D006C5651 /* Products */;
			projectDirPath = "";
			projectRoot = "";
			targets = (
				3342BA9326D3F71D006C5651 /* newProject */,
				3342BAA926D3F71F006C5651 /* newProjectTests */,
				3342BAB426D3F71F006C5651 /* newProjectUITests */,
			);
		};
/* End PBXProject section */

/* Begin PBXResourcesBuildPhase section */
		3342BA9226D3F71D006C5651 /* Resources */ = {
			isa = PBXResourcesBuildPhase;
			buildActionMask = 2147483647;
			files = (
				3342BAA426D3F71F006C5651 /* LaunchScreen.storyboard in Resources */,
				3342BAA126D3F71F006C5651 /* Assets.xcassets in Resources */,
				3342BA9F26D3F71D006C5651 /* Main.storyboard in Resources */,
			);
			runOnlyForDeploymentPostprocessing = 0;
		};
		3342BAA826D3F71F006C5651 /* Resources */ = {
			isa = PBXResourcesBuildPhase;
			buildActionMask = 2147483647;
			files = (
			);
			runOnlyForDeploymentPostprocessing = 0;
		};
		3342BAB326D3F71F006C5651 /* Resources */ = {
			isa = PBXResourcesBuildPhase;
			buildActionMask = 2147483647;
			files = (
			);
			runOnlyForDeploymentPostprocessing = 0;
		};
/* End PBXResourcesBuildPhase section */

/* Begin PBXSourcesBuildPhase section */
		3342BA9026D3F71D006C5651 /* Sources */ = {
			isa = PBXSourcesBuildPhase;
			buildActionMask = 2147483647;
			files = (
				3342BA9C26D3F71D006C5651 /* ViewController.swift in Sources */,
				3342BA9826D3F71D006C5651 /* AppDelegate.swift in Sources */,
				3342BA9A26D3F71D006C5651 /* SceneDelegate.swift in Sources */,
			);
			runOnlyForDeploymentPostprocessing = 0;
		};
		3342BAA626D3F71F006C5651 /* Sources */ = {
			isa = PBXSourcesBuildPhase;
			buildActionMask = 2147483647;
			files = (
				3342BAAF26D3F71F006C5651 /* newProjectTests.swift in Sources */,
			);
			runOnlyForDeploymentPostprocessing = 0;
		};
		3342BAB126D3F71F006C5651 /* Sources */ = {
			isa = PBXSourcesBuildPhase;
			buildActionMask = 2147483647;
			files = (
				3342BABA26D3F71F006C5651 /* newProjectUITests.swift in Sources */,
			);
			runOnlyForDeploymentPostprocessing = 0;
		};
/* End PBXSourcesBuildPhase section */

/* Begin PBXTargetDependency section */
		3342BAAC26D3F71F006C5651 /* PBXTargetDependency */ = {
			isa = PBXTargetDependency;
			target = 3342BA9326D3F71D006C5651 /* newProject */;
			targetProxy = 3342BAAB26D3F71F006C5651 /* PBXContainerItemProxy */;
		};
		3342BAB726D3F71F006C5651 /* PBXTargetDependency */ = {
			isa = PBXTargetDependency;
			target = 3342BA9326D3F71D006C5651 /* newProject */;
			targetProxy = 3342BAB626D3F71F006C5651 /* PBXContainerItemProxy */;
		};
/* End PBXTargetDependency section */

/* Begin PBXVariantGroup section */
		3342BA9D26D3F71D006C5651 /* Main.storyboard */ = {
			isa = PBXVariantGroup;
			children = (
				3342BA9E26D3F71D006C5651 /* Base */,
			);
			name = Main.storyboard;
			sourceTree = "<group>";
		};
		3342BAA226D3F71F006C5651 /* LaunchScreen.storyboard */ = {
			isa = PBXVariantGroup;
			children = (
				3342BAA326D3F71F006C5651 /* Base */,
			);
			name = LaunchScreen.storyboard;
			sourceTree = "<group>";
		};
/* End PBXVariantGroup section */

/* Begin XCBuildConfiguration section */
		3342BABC26D3F71F006C5651 /* Debug */ = {
			isa = XCBuildConfiguration;
			buildSettings = {
				ALWAYS_SEARCH_USER_PATHS = NO;
				CLANG_ANALYZER_NONNULL = YES;
				CLANG_ANALYZER_NUMBER_OBJECT_CONVERSION = YES_AGGRESSIVE;
				CLANG_CXX_LANGUAGE_STANDARD = "gnu++14";
				CLANG_CXX_LIBRARY = "libc++";
				CLANG_ENABLE_MODULES = YES;
				CLANG_ENABLE_OBJC_ARC = YES;
				CLANG_ENABLE_OBJC_WEAK = YES;
				CLANG_WARN_BLOCK_CAPTURE_AUTORELEASING = YES;
				CLANG_WARN_BOOL_CONVERSION = YES;
				CLANG_WARN_COMMA = YES;
				CLANG_WARN_CONSTANT_CONVERSION = YES;
				CLANG_WARN_DEPRECATED_OBJC_IMPLEMENTATIONS = YES;
				CLANG_WARN_DIRECT_OBJC_ISA_USAGE = YES_ERROR;
				CLANG_WARN_DOCUMENTATION_COMMENTS = YES;
				CLANG_WARN_EMPTY_BODY = YES;
				CLANG_WARN_ENUM_CONVERSION = YES;
				CLANG_WARN_INFINITE_RECURSION = YES;
				CLANG_WARN_INT_CONVERSION = YES;
				CLANG_WARN_NON_LITERAL_NULL_CONVERSION = YES;
				CLANG_WARN_OBJC_IMPLICIT_RETAIN_SELF = YES;
				CLANG_WARN_OBJC_LITERAL_CONVERSION = YES;
				CLANG_WARN_OBJC_ROOT_CLASS = YES_ERROR;
				CLANG_WARN_QUOTED_INCLUDE_IN_FRAMEWORK_HEADER = YES;
				CLANG_WARN_RANGE_LOOP_ANALYSIS = YES;
				CLANG_WARN_STRICT_PROTOTYPES = YES;
				CLANG_WARN_SUSPICIOUS_MOVE = YES;
				CLANG_WARN_UNGUARDED_AVAILABILITY = YES_AGGRESSIVE;
				CLANG_WARN_UNREACHABLE_CODE = YES;
				CLANG_WARN__DUPLICATE_METHOD_MATCH = YES;
				COPY_PHASE_STRIP = NO;
				DEBUG_INFORMATION_FORMAT = dwarf;
				ENABLE_STRICT_OBJC_MSGSEND = YES;
				ENABLE_TESTABILITY = YES;
				GCC_C_LANGUAGE_STANDARD = gnu11;
				GCC_DYNAMIC_NO_PIC = NO;
				GCC_NO_COMMON_BLOCKS = YES;
				GCC_OPTIMIZATION_LEVEL = 0;
				GCC_PREPROCESSOR_DEFINITIONS = (
					"DEBUG=1",
					"$(inherited)",
				);
				GCC_WARN_64_TO_32_BIT_CONVERSION = YES;
				GCC_WARN_ABOUT_RETURN_TYPE = YES_ERROR;
				GCC_WARN_UNDECLARED_SELECTOR = YES;
				GCC_WARN_UNINITIALIZED_AUTOS = YES_AGGRESSIVE;
				GCC_WARN_UNUSED_FUNCTION = YES;
				GCC_WARN_UNUSED_VARIABLE = YES;
				IPHONEOS_DEPLOYMENT_TARGET = 14.5;
				MTL_ENABLE_DEBUG_INFO = INCLUDE_SOURCE;
				MTL_FAST_MATH = YES;
				ONLY_ACTIVE_ARCH = YES;
				SDKROOT = iphoneos;
				SWIFT_ACTIVE_COMPILATION_CONDITIONS = DEBUG;
				SWIFT_OPTIMIZATION_LEVEL = "-Onone";
			};
			name = Debug;
		};
		3342BABD26D3F71F006C5651 /* Release */ = {
			isa = XCBuildConfiguration;
			buildSettings = {
				ALWAYS_SEARCH_USER_PATHS = NO;
				CLANG_ANALYZER_NONNULL = YES;
				CLANG_ANALYZER_NUMBER_OBJECT_CONVERSION = YES_AGGRESSIVE;
				CLANG_CXX_LANGUAGE_STANDARD = "gnu++14";
				CLANG_CXX_LIBRARY = "libc++";
				CLANG_ENABLE_MODULES = YES;
				CLANG_ENABLE_OBJC_ARC = YES;
				CLANG_ENABLE_OBJC_WEAK = YES;
				CLANG_WARN_BLOCK_CAPTURE_AUTORELEASING = YES;
				CLANG_WARN_BOOL_CONVERSION = YES;
				CLANG_WARN_COMMA = YES;
				CLANG_WARN_CONSTANT_CONVERSION = YES;
				CLANG_WARN_DEPRECATED_OBJC_IMPLEMENTATIONS = YES;
				CLANG_WARN_DIRECT_OBJC_ISA_USAGE = YES_ERROR;
				CLANG_WARN_DOCUMENTATION_COMMENTS = YES;
				CLANG_WARN_EMPTY_BODY = YES;
				CLANG_WARN_ENUM_CONVERSION = YES;
				CLANG_WARN_INFINITE_RECURSION = YES;
				CLANG_WARN_INT_CONVERSION = YES;
				CLANG_WARN_NON_LITERAL_NULL_CONVERSION = YES;
				CLANG_WARN_OBJC_IMPLICIT_RETAIN_SELF = YES;
				CLANG_WARN_OBJC_LITERAL_CONVERSION = YES;
				CLANG_WARN_OBJC_ROOT_CLASS = YES_ERROR;
				CLANG_WARN_QUOTED_INCLUDE_IN_FRAMEWORK_HEADER = YES;
				CLANG_WARN_RANGE_LOOP_ANALYSIS = YES;
				CLANG_WARN_STRICT_PROTOTYPES = YES;
				CLANG_WARN_SUSPICIOUS_MOVE = YES;
				CLANG_WARN_UNGUARDED_AVAILABILITY = YES_AGGRESSIVE;
				CLANG_WARN_UNREACHABLE_CODE = YES;
				CLANG_WARN__DUPLICATE_METHOD_MATCH = YES;
				COPY_PHASE_STRIP = NO;
				DEBUG_INFORMATION_FORMAT = "dwarf-with-dsym";
				ENABLE_NS_ASSERTIONS = NO;
				ENABLE_STRICT_OBJC_MSGSEND = YES;
				GCC_C_LANGUAGE_STANDARD = gnu11;
				GCC_NO_COMMON_BLOCKS = YES;
				GCC_WARN_64_TO_32_BIT_CONVERSION = YES;
				GCC_WARN_ABOUT_RETURN_TYPE = YES_ERROR;
				GCC_WARN_UNDECLARED_SELECTOR = YES;
				GCC_WARN_UNINITIALIZED_AUTOS = YES_AGGRESSIVE;
				GCC_WARN_UNUSED_FUNCTION = YES;
				GCC_WARN_UNUSED_VARIABLE = YES;
				IPHONEOS_DEPLOYMENT_TARGET = 14.5;
				MTL_ENABLE_DEBUG_INFO = NO;
				MTL_FAST_MATH = YES;
				SDKROOT = iphoneos;
				SWIFT_COMPILATION_MODE = wholemodule;
				SWIFT_OPTIMIZATION_LEVEL = "-O";
				VALIDATE_PRODUCT = YES;
			};
			name = Release;
		};
		3342BABF26D3F71F006C5651 /* Debug */ = {
			isa = XCBuildConfiguration;
			buildSettings = {
				ASSETCATALOG_COMPILER_APPICON_NAME = AppIcon;
				ASSETCATALOG_COMPILER_GLOBAL_ACCENT_COLOR_NAME = AccentColor;
				CODE_SIGN_STYLE = Automatic;
				INFOPLIST_FILE = newProject/Info.plist;
				LD_RUNPATH_SEARCH_PATHS = (
					"$(inherited)",
					"@executable_path/Frameworks",
				);
				PRODUCT_BUNDLE_IDENTIFIER = Chistyakov.newProject;
				PRODUCT_NAME = "$(TARGET_NAME)";
				SWIFT_VERSION = 5.0;
				TARGETED_DEVICE_FAMILY = "1,2";
			};
			name = Debug;
		};
		3342BAC026D3F71F006C5651 /* Release */ = {
			isa = XCBuildConfiguration;
			buildSettings = {
				ASSETCATALOG_COMPILER_APPICON_NAME = AppIcon;
				ASSETCATALOG_COMPILER_GLOBAL_ACCENT_COLOR_NAME = AccentColor;
				CODE_SIGN_STYLE = Automatic;
				INFOPLIST_FILE = newProject/Info.plist;
				LD_RUNPATH_SEARCH_PATHS = (
					"$(inherited)",
					"@executable_path/Frameworks",
				);
				PRODUCT_BUNDLE_IDENTIFIER = Chistyakov.newProject;
				PRODUCT_NAME = "$(TARGET_NAME)";
				SWIFT_VERSION = 5.0;
				TARGETED_DEVICE_FAMILY = "1,2";
			};
			name = Release;
		};
		3342BAC226D3F71F006C5651 /* Debug */ = {
			isa = XCBuildConfiguration;
			buildSettings = {
				ALWAYS_EMBED_SWIFT_STANDARD_LIBRARIES = YES;
				BUNDLE_LOADER = "$(TEST_HOST)";
				CODE_SIGN_STYLE = Automatic;
				INFOPLIST_FILE = newProjectTests/Info.plist;
				IPHONEOS_DEPLOYMENT_TARGET = 14.5;
				LD_RUNPATH_SEARCH_PATHS = (
					"$(inherited)",
					"@executable_path/Frameworks",
					"@loader_path/Frameworks",
				);
				PRODUCT_BUNDLE_IDENTIFIER = Chistyakov.newProjectTests;
				PRODUCT_NAME = "$(TARGET_NAME)";
				SWIFT_VERSION = 5.0;
				TARGETED_DEVICE_FAMILY = "1,2";
				TEST_HOST = "$(BUILT_PRODUCTS_DIR)/newProject.app/newProject";
			};
			name = Debug;
		};
		3342BAC326D3F71F006C5651 /* Release */ = {
			isa = XCBuildConfiguration;
			buildSettings = {
				ALWAYS_EMBED_SWIFT_STANDARD_LIBRARIES = YES;
				BUNDLE_LOADER = "$(TEST_HOST)";
				CODE_SIGN_STYLE = Automatic;
				INFOPLIST_FILE = newProjectTests/Info.plist;
				IPHONEOS_DEPLOYMENT_TARGET = 14.5;
				LD_RUNPATH_SEARCH_PATHS = (
					"$(inherited)",
					"@executable_path/Frameworks",
					"@loader_path/Frameworks",
				);
				PRODUCT_BUNDLE_IDENTIFIER = Chistyakov.newProjectTests;
				PRODUCT_NAME = "$(TARGET_NAME)";
				SWIFT_VERSION = 5.0;
				TARGETED_DEVICE_FAMILY = "1,2";
				TEST_HOST = "$(BUILT_PRODUCTS_DIR)/newProject.app/newProject";
			};
			name = Release;
		};
		3342BAC526D3F71F006C5651 /* Debug */ = {
			isa = XCBuildConfiguration;
			buildSettings = {
				ALWAYS_EMBED_SWIFT_STANDARD_LIBRARIES = YES;
				CODE_SIGN_STYLE = Automatic;
				INFOPLIST_FILE = newProjectUITests/Info.plist;
				LD_RUNPATH_SEARCH_PATHS = (
					"$(inherited)",
					"@executable_path/Frameworks",
					"@loader_path/Frameworks",
				);
				PRODUCT_BUNDLE_IDENTIFIER = Chistyakov.newProjectUITests;
				PRODUCT_NAME = "$(TARGET_NAME)";
				SWIFT_VERSION = 5.0;
				TARGETED_DEVICE_FAMILY = "1,2";
				TEST_TARGET_NAME = newProject;
			};
			name = Debug;
		};
		3342BAC626D3F71F006C5651 /* Release */ = {
			isa = XCBuildConfiguration;
			buildSettings = {
				ALWAYS_EMBED_SWIFT_STANDARD_LIBRARIES = YES;
				CODE_SIGN_STYLE = Automatic;
				INFOPLIST_FILE = newProjectUITests/Info.plist;
				LD_RUNPATH_SEARCH_PATHS = (
					"$(inherited)",
					"@executable_path/Frameworks",
					"@loader_path/Frameworks",
				);
				PRODUCT_BUNDLE_IDENTIFIER = Chistyakov.newProjectUITests;
				PRODUCT_NAME = "$(TARGET_NAME)";
				SWIFT_VERSION = 5.0;
				TARGETED_DEVICE_FAMILY = "1,2";
				TEST_TARGET_NAME = newProject;
			};
			name = Release;
		};
/* End XCBuildConfiguration section */

/* Begin XCConfigurationList section */
		3342BA8F26D3F71D006C5651 /* Build configuration list for PBXProject "newProject" */ = {
			isa = XCConfigurationList;
			buildConfigurations = (
				3342BABC26D3F71F006C5651 /* Debug */,
				3342BABD26D3F71F006C5651 /* Release */,
			);
			defaultConfigurationIsVisible = 0;
			defaultConfigurationName = Release;
		};
		3342BABE26D3F71F006C5651 /* Build configuration list for PBXNativeTarget "newProject" */ = {
			isa = XCConfigurationList;
			buildConfigurations = (
				3342BABF26D3F71F006C5651 /* Debug */,
				3342BAC026D3F71F006C5651 /* Release */,
			);
			defaultConfigurationIsVisible = 0;
			defaultConfigurationName = Release;
		};
		3342BAC126D3F71F006C5651 /* Build configuration list for PBXNativeTarget "newProjectTests" */ = {
			isa = XCConfigurationList;
			buildConfigurations = (
				3342BAC226D3F71F006C5651 /* Debug */,
				3342BAC326D3F71F006C5651 /* Release */,
			);
			defaultConfigurationIsVisible = 0;
			defaultConfigurationName = Release;
		};
		3342BAC426D3F71F006C5651 /* Build configuration list for PBXNativeTarget "newProjectUITests" */ = {
			isa = XCConfigurationList;
			buildConfigurations = (
				3342BAC526D3F71F006C5651 /* Debug */,
				3342BAC626D3F71F006C5651 /* Release */,
			);
			defaultConfigurationIsVisible = 0;
			defaultConfigurationName = Release;
		};
/* End XCConfigurationList section */
	};
	rootObject = 3342BA8C26D3F71D006C5651 /* Project object */;
}
